// !$*UTF8*$!
{
	archiveVersion = 1;
	classes = {
	};
	objectVersion = 50;
	objects = {

/* Begin PBXBuildFile section */
		F016010D240E267000293211 /* AppDelegate.swift in Sources */ = {isa = PBXBuildFile; fileRef = F016010C240E267000293211 /* AppDelegate.swift */; };
		F016010F240E267000293211 /* SceneDelegate.swift in Sources */ = {isa = PBXBuildFile; fileRef = F016010E240E267000293211 /* SceneDelegate.swift */; };
		F0160113240E267500293211 /* Assets.xcassets in Resources */ = {isa = PBXBuildFile; fileRef = F0160112240E267500293211 /* Assets.xcassets */; };
		F0160116240E267500293211 /* Preview Assets.xcassets in Resources */ = {isa = PBXBuildFile; fileRef = F0160115240E267500293211 /* Preview Assets.xcassets */; };
		F0160119240E267500293211 /* LaunchScreen.storyboard in Resources */ = {isa = PBXBuildFile; fileRef = F0160117240E267500293211 /* LaunchScreen.storyboard */; };
		F0160122240E27D700293211 /* Flow.swift in Sources */ = {isa = PBXBuildFile; fileRef = F0160121240E27D700293211 /* Flow.swift */; };
		F0160134240E8FFA00293211 /* AppFlowTests.swift in Sources */ = {isa = PBXBuildFile; fileRef = F0160133240E8FFA00293211 /* AppFlowTests.swift */; };
		F0160136240E903500293211 /* AppFlow.swift in Sources */ = {isa = PBXBuildFile; fileRef = F0160135240E903500293211 /* AppFlow.swift */; };
		F0160137240E905B00293211 /* AppFlow.swift in Sources */ = {isa = PBXBuildFile; fileRef = F0160135240E903500293211 /* AppFlow.swift */; };
		F0160138240E906400293211 /* Flow.swift in Sources */ = {isa = PBXBuildFile; fileRef = F0160121240E27D700293211 /* Flow.swift */; };
		F016013A240E910E00293211 /* TestFlowParent.swift in Sources */ = {isa = PBXBuildFile; fileRef = F0160139240E910E00293211 /* TestFlowParent.swift */; };
		F016013F240E985F00293211 /* WelcomeView.swift in Sources */ = {isa = PBXBuildFile; fileRef = F016013E240E985F00293211 /* WelcomeView.swift */; };
		F0160140240E985F00293211 /* WelcomeView.swift in Sources */ = {isa = PBXBuildFile; fileRef = F016013E240E985F00293211 /* WelcomeView.swift */; };
		F0160143240E9AAB00293211 /* ButtonStyles.swift in Sources */ = {isa = PBXBuildFile; fileRef = F0160142240E9AAB00293211 /* ButtonStyles.swift */; };
		F0160144240E9AAB00293211 /* ButtonStyles.swift in Sources */ = {isa = PBXBuildFile; fileRef = F0160142240E9AAB00293211 /* ButtonStyles.swift */; };
/* End PBXBuildFile section */

/* Begin PBXContainerItemProxy section */
		F016012E240E8F8C00293211 /* PBXContainerItemProxy */ = {
			isa = PBXContainerItemProxy;
			containerPortal = F0160101240E267000293211 /* Project object */;
			proxyType = 1;
			remoteGlobalIDString = F0160108240E267000293211;
			remoteInfo = FlowDemo;
		};
/* End PBXContainerItemProxy section */

/* Begin PBXFileReference section */
		F0160109240E267000293211 /* FlowDemo.app */ = {isa = PBXFileReference; explicitFileType = wrapper.application; includeInIndex = 0; path = FlowDemo.app; sourceTree = BUILT_PRODUCTS_DIR; };
		F016010C240E267000293211 /* AppDelegate.swift */ = {isa = PBXFileReference; lastKnownFileType = sourcecode.swift; path = AppDelegate.swift; sourceTree = "<group>"; };
		F016010E240E267000293211 /* SceneDelegate.swift */ = {isa = PBXFileReference; lastKnownFileType = sourcecode.swift; path = SceneDelegate.swift; sourceTree = "<group>"; };
		F0160112240E267500293211 /* Assets.xcassets */ = {isa = PBXFileReference; lastKnownFileType = folder.assetcatalog; path = Assets.xcassets; sourceTree = "<group>"; };
		F0160115240E267500293211 /* Preview Assets.xcassets */ = {isa = PBXFileReference; lastKnownFileType = folder.assetcatalog; path = "Preview Assets.xcassets"; sourceTree = "<group>"; };
		F0160118240E267500293211 /* Base */ = {isa = PBXFileReference; lastKnownFileType = file.storyboard; name = Base; path = Base.lproj/LaunchScreen.storyboard; sourceTree = "<group>"; };
		F016011A240E267500293211 /* Info.plist */ = {isa = PBXFileReference; lastKnownFileType = text.plist.xml; path = Info.plist; sourceTree = "<group>"; };
		F0160120240E26FE00293211 /* README.md */ = {isa = PBXFileReference; lastKnownFileType = net.daringfireball.markdown; path = README.md; sourceTree = "<group>"; };
		F0160121240E27D700293211 /* Flow.swift */ = {isa = PBXFileReference; lastKnownFileType = sourcecode.swift; path = Flow.swift; sourceTree = "<group>"; };
		F0160129240E8F8C00293211 /* FlowDemoTests.xctest */ = {isa = PBXFileReference; explicitFileType = wrapper.cfbundle; includeInIndex = 0; path = FlowDemoTests.xctest; sourceTree = BUILT_PRODUCTS_DIR; };
		F016012D240E8F8C00293211 /* Info.plist */ = {isa = PBXFileReference; lastKnownFileType = text.plist.xml; path = Info.plist; sourceTree = "<group>"; };
		F09F4D82241E9E7C008E633A /* Package.swift */ = {isa = PBXFileReference; lastKnownFileType = sourcecode.swift; path = Package.swift; sourceTree = "<group>"; };
		F09F4D85241E9E7C008E633A /* main.swift */ = {isa = PBXFileReference; lastKnownFileType = sourcecode.swift; path = main.swift; sourceTree = "<group>"; };
		F09F4D87241E9E7C008E633A /* LinuxMain.swift */ = {isa = PBXFileReference; lastKnownFileType = sourcecode.swift; path = LinuxMain.swift; sourceTree = "<group>"; };
		F0160133240E8FFA00293211 /* AppFlowTests.swift */ = {isa = PBXFileReference; lastKnownFileType = sourcecode.swift; path = AppFlowTests.swift; sourceTree = "<group>"; };
		F0160135240E903500293211 /* AppFlow.swift */ = {isa = PBXFileReference; lastKnownFileType = sourcecode.swift; path = AppFlow.swift; sourceTree = "<group>"; };
		F0160139240E910E00293211 /* TestFlowParent.swift */ = {isa = PBXFileReference; lastKnownFileType = sourcecode.swift; path = TestFlowParent.swift; sourceTree = "<group>"; };
		F09F4D89241E9E7C008E633A /* XCTestManifests.swift */ = {isa = PBXFileReference; lastKnownFileType = sourcecode.swift; path = XCTestManifests.swift; sourceTree = "<group>"; };
		F09F4D8A241E9E7C008E633A /* FlowDemoTests.swift */ = {isa = PBXFileReference; lastKnownFileType = sourcecode.swift; path = FlowDemoTests.swift; sourceTree = "<group>"; };
		F016013E240E985F00293211 /* WelcomeView.swift */ = {isa = PBXFileReference; lastKnownFileType = sourcecode.swift; path = WelcomeView.swift; sourceTree = "<group>"; };
		F0160142240E9AAB00293211 /* ButtonStyles.swift */ = {isa = PBXFileReference; lastKnownFileType = sourcecode.swift; path = ButtonStyles.swift; sourceTree = "<group>"; };
/* End PBXFileReference section */

/* Begin PBXFrameworksBuildPhase section */
		F0160106240E267000293211 /* Frameworks */ = {
			isa = PBXFrameworksBuildPhase;
			buildActionMask = 2147483647;
			files = (
			);
			runOnlyForDeploymentPostprocessing = 0;
		};
		F0160126240E8F8C00293211 /* Frameworks */ = {
			isa = PBXFrameworksBuildPhase;
			buildActionMask = 2147483647;
			files = (
			);
			runOnlyForDeploymentPostprocessing = 0;
		};
/* End PBXFrameworksBuildPhase section */

/* Begin PBXGroup section */
		F0160100240E267000293211 = {
			isa = PBXGroup;
			children = (
				F0160120240E26FE00293211 /* README.md */,
				F09F4D82241E9E7C008E633A /* Package.swift */,
				F016010B240E267000293211 /* FlowDemo */,
				F016012A240E8F8C00293211 /* FlowDemoTests */,
				F016010A240E267000293211 /* Products */,
				F09F4D83241E9E7C008E633A /* Sources */,
				F09F4D86241E9E7C008E633A /* Tests */,
			);
			sourceTree = "<group>";
		};
		F016010A240E267000293211 /* Products */ = {
			isa = PBXGroup;
			children = (
				F0160109240E267000293211 /* FlowDemo.app */,
				F0160129240E8F8C00293211 /* FlowDemoTests.xctest */,
			);
			name = Products;
			sourceTree = "<group>";
		};
		F016010B240E267000293211 /* FlowDemo */ = {
			isa = PBXGroup;
			children = (
				F016011A240E267500293211 /* Info.plist */,
				F016010C240E267000293211 /* AppDelegate.swift */,
				F016010E240E267000293211 /* SceneDelegate.swift */,
				F0160112240E267500293211 /* Assets.xcassets */,
				F0160123240E8EE500293211 /* Flows */,
				F0160117240E267500293211 /* LaunchScreen.storyboard */,
				F0160114240E267500293211 /* Preview Content */,
				F0160141240E9A8B00293211 /* Styles */,
				F0160124240E8F0B00293211 /* Views */,
			);
			path = FlowDemo;
			sourceTree = "<group>";
		};
		F0160114240E267500293211 /* Preview Content */ = {
			isa = PBXGroup;
			children = (
				F0160115240E267500293211 /* Preview Assets.xcassets */,
			);
			path = "Preview Content";
			sourceTree = "<group>";
		};
		F0160123240E8EE500293211 /* Flows */ = {
			isa = PBXGroup;
			children = (
				F0160121240E27D700293211 /* Flow.swift */,
				F0160135240E903500293211 /* AppFlow.swift */,
			);
			path = Flows;
			sourceTree = "<group>";
		};
		F0160124240E8F0B00293211 /* Views */ = {
			isa = PBXGroup;
			children = (
				F016013E240E985F00293211 /* WelcomeView.swift */,
			);
			path = Views;
			sourceTree = "<group>";
		};
		F016012A240E8F8C00293211 /* FlowDemoTests */ = {
			isa = PBXGroup;
			children = (
				F016012D240E8F8C00293211 /* Info.plist */,
				F0160133240E8FFA00293211 /* AppFlowTests.swift */,
				F016012D240E8F8C00293211 /* Info.plist */,
			);
			path = FlowDemoTests;
			sourceTree = "<group>";
		};
		F09F4D83241E9E7C008E633A /* Sources */ = {
			isa = PBXGroup;
			children = (
				F09F4D84241E9E7C008E633A /* FlowDemo */,
			);
			path = Sources;
			sourceTree = "<group>";
		};
		F0160141240E9A8B00293211 /* Styles */ = {
			isa = PBXGroup;
			children = (
				F0160142240E9AAB00293211 /* ButtonStyles.swift */,
			);
			path = Styles;
			sourceTree = "<group>";
		};
		F09F4D84241E9E7C008E633A /* FlowDemo */ = {
			isa = PBXGroup;
			children = (
				F09F4D85241E9E7C008E633A /* main.swift */,
			);
			path = FlowDemo;
			sourceTree = "<group>";
		};
		F09F4D86241E9E7C008E633A /* Tests */ = {
			isa = PBXGroup;
			children = (
				F09F4D87241E9E7C008E633A /* LinuxMain.swift */,
				F09F4D88241E9E7C008E633A /* FlowDemoTests */,
				F0160139240E910E00293211 /* TestFlowParent.swift */,
			);
			path = Tests;
			sourceTree = "<group>";
		};
		F09F4D88241E9E7C008E633A /* FlowDemoTests */ = {
			isa = PBXGroup;
			children = (
				F09F4D89241E9E7C008E633A /* XCTestManifests.swift */,
				F09F4D8A241E9E7C008E633A /* FlowDemoTests.swift */,
			);
			path = FlowDemoTests;
			sourceTree = "<group>";
		};
/* End PBXGroup section */

/* Begin PBXNativeTarget section */
		F0160108240E267000293211 /* FlowDemo */ = {
			isa = PBXNativeTarget;
			buildConfigurationList = F016011D240E267500293211 /* Build configuration list for PBXNativeTarget "FlowDemo" */;
			buildPhases = (
				F0160105240E267000293211 /* Sources */,
				F0160106240E267000293211 /* Frameworks */,
				F0160107240E267000293211 /* Resources */,
			);
			buildRules = (
			);
			dependencies = (
			);
			name = FlowDemo;
			packageProductDependencies = (
			);
			productName = FlowDemo;
			productReference = F0160109240E267000293211 /* FlowDemo.app */;
			productType = "com.apple.product-type.application";
		};
		F0160128240E8F8C00293211 /* FlowDemoTests */ = {
			isa = PBXNativeTarget;
			buildConfigurationList = F0160132240E8F8C00293211 /* Build configuration list for PBXNativeTarget "FlowDemoTests" */;
			buildPhases = (
				F0160125240E8F8C00293211 /* Sources */,
				F0160126240E8F8C00293211 /* Frameworks */,
				F0160127240E8F8C00293211 /* Resources */,
			);
			buildRules = (
			);
			dependencies = (
				F016012F240E8F8C00293211 /* PBXTargetDependency */,
			);
			name = FlowDemoTests;
			productName = FlowDemoTests;
			productReference = F0160129240E8F8C00293211 /* FlowDemoTests.xctest */;
			productType = "com.apple.product-type.bundle.unit-test";
		};
/* End PBXNativeTarget section */

/* Begin PBXProject section */
		F0160101240E267000293211 /* Project object */ = {
			isa = PBXProject;
			attributes = {
				LastSwiftUpdateCheck = 1130;
				LastUpgradeCheck = 1130;
				ORGANIZATIONNAME = MutantSoup;
				TargetAttributes = {
					F0160108240E267000293211 = {
						CreatedOnToolsVersion = 11.3.1;
					};
					F0160128240E8F8C00293211 = {
						CreatedOnToolsVersion = 11.3.1;
						TestTargetID = F0160108240E267000293211;
					};
				};
			};
			buildConfigurationList = F0160104240E267000293211 /* Build configuration list for PBXProject "FlowDemo" */;
			compatibilityVersion = "Xcode 9.3";
			developmentRegion = en;
			hasScannedForEncodings = 0;
			knownRegions = (
				en,
				Base,
			);
			mainGroup = F0160100240E267000293211;
			packageReferences = (
			);
			productRefGroup = F016010A240E267000293211 /* Products */;
			projectDirPath = "";
			projectRoot = "";
			targets = (
				F0160108240E267000293211 /* FlowDemo */,
				F0160128240E8F8C00293211 /* FlowDemoTests */,
			);
		};
/* End PBXProject section */

/* Begin PBXResourcesBuildPhase section */
		F0160107240E267000293211 /* Resources */ = {
			isa = PBXResourcesBuildPhase;
			buildActionMask = 2147483647;
			files = (
				F0160119240E267500293211 /* LaunchScreen.storyboard in Resources */,
				F0160116240E267500293211 /* Preview Assets.xcassets in Resources */,
				F0160113240E267500293211 /* Assets.xcassets in Resources */,
			);
			runOnlyForDeploymentPostprocessing = 0;
		};
		F0160127240E8F8C00293211 /* Resources */ = {
			isa = PBXResourcesBuildPhase;
			buildActionMask = 2147483647;
			files = (
			);
			runOnlyForDeploymentPostprocessing = 0;
		};
/* End PBXResourcesBuildPhase section */

/* Begin PBXSourcesBuildPhase section */
		F0160105240E267000293211 /* Sources */ = {
			isa = PBXSourcesBuildPhase;
			buildActionMask = 2147483647;
			files = (
				F016013F240E985F00293211 /* WelcomeView.swift in Sources */,
				F0160143240E9AAB00293211 /* ButtonStyles.swift in Sources */,
				F016010D240E267000293211 /* AppDelegate.swift in Sources */,
				F0160136240E903500293211 /* AppFlow.swift in Sources */,
				F0160122240E27D700293211 /* Flow.swift in Sources */,
				F016010F240E267000293211 /* SceneDelegate.swift in Sources */,
			);
			runOnlyForDeploymentPostprocessing = 0;
		};
		F0160125240E8F8C00293211 /* Sources */ = {
			isa = PBXSourcesBuildPhase;
			buildActionMask = 2147483647;
			files = (
				F0160140240E985F00293211 /* WelcomeView.swift in Sources */,
				F0160144240E9AAB00293211 /* ButtonStyles.swift in Sources */,
				F0160138240E906400293211 /* Flow.swift in Sources */,
				F0160134240E8FFA00293211 /* AppFlowTests.swift in Sources */,
				F016013A240E910E00293211 /* TestFlowParent.swift in Sources */,
				F0160137240E905B00293211 /* AppFlow.swift in Sources */,
			);
			runOnlyForDeploymentPostprocessing = 0;
		};
/* End PBXSourcesBuildPhase section */

/* Begin PBXTargetDependency section */
		F016012F240E8F8C00293211 /* PBXTargetDependency */ = {
			isa = PBXTargetDependency;
			target = F0160108240E267000293211 /* FlowDemo */;
			targetProxy = F016012E240E8F8C00293211 /* PBXContainerItemProxy */;
		};
/* End PBXTargetDependency section */

/* Begin PBXVariantGroup section */
		F0160117240E267500293211 /* LaunchScreen.storyboard */ = {
			isa = PBXVariantGroup;
			children = (
				F0160118240E267500293211 /* Base */,
			);
			name = LaunchScreen.storyboard;
			sourceTree = "<group>";
		};
/* End PBXVariantGroup section */

/* Begin XCBuildConfiguration section */
		F016011B240E267500293211 /* Debug */ = {
			isa = XCBuildConfiguration;
			buildSettings = {
				ALWAYS_SEARCH_USER_PATHS = NO;
				CLANG_ANALYZER_NONNULL = YES;
				CLANG_ANALYZER_NUMBER_OBJECT_CONVERSION = YES_AGGRESSIVE;
				CLANG_CXX_LANGUAGE_STANDARD = "gnu++14";
				CLANG_CXX_LIBRARY = "libc++";
				CLANG_ENABLE_MODULES = YES;
				CLANG_ENABLE_OBJC_ARC = YES;
				CLANG_ENABLE_OBJC_WEAK = YES;
				CLANG_WARN_BLOCK_CAPTURE_AUTORELEASING = YES;
				CLANG_WARN_BOOL_CONVERSION = YES;
				CLANG_WARN_COMMA = YES;
				CLANG_WARN_CONSTANT_CONVERSION = YES;
				CLANG_WARN_DEPRECATED_OBJC_IMPLEMENTATIONS = YES;
				CLANG_WARN_DIRECT_OBJC_ISA_USAGE = YES_ERROR;
				CLANG_WARN_DOCUMENTATION_COMMENTS = YES;
				CLANG_WARN_EMPTY_BODY = YES;
				CLANG_WARN_ENUM_CONVERSION = YES;
				CLANG_WARN_INFINITE_RECURSION = YES;
				CLANG_WARN_INT_CONVERSION = YES;
				CLANG_WARN_NON_LITERAL_NULL_CONVERSION = YES;
				CLANG_WARN_OBJC_IMPLICIT_RETAIN_SELF = YES;
				CLANG_WARN_OBJC_LITERAL_CONVERSION = YES;
				CLANG_WARN_OBJC_ROOT_CLASS = YES_ERROR;
				CLANG_WARN_RANGE_LOOP_ANALYSIS = YES;
				CLANG_WARN_STRICT_PROTOTYPES = YES;
				CLANG_WARN_SUSPICIOUS_MOVE = YES;
				CLANG_WARN_UNGUARDED_AVAILABILITY = YES_AGGRESSIVE;
				CLANG_WARN_UNREACHABLE_CODE = YES;
				CLANG_WARN__DUPLICATE_METHOD_MATCH = YES;
				COPY_PHASE_STRIP = NO;
				DEBUG_INFORMATION_FORMAT = dwarf;
				ENABLE_STRICT_OBJC_MSGSEND = YES;
				ENABLE_TESTABILITY = YES;
				GCC_C_LANGUAGE_STANDARD = gnu11;
				GCC_DYNAMIC_NO_PIC = NO;
				GCC_NO_COMMON_BLOCKS = YES;
				GCC_OPTIMIZATION_LEVEL = 0;
				GCC_PREPROCESSOR_DEFINITIONS = (
					"DEBUG=1",
					"$(inherited)",
				);
				GCC_WARN_64_TO_32_BIT_CONVERSION = YES;
				GCC_WARN_ABOUT_RETURN_TYPE = YES_ERROR;
				GCC_WARN_UNDECLARED_SELECTOR = YES;
				GCC_WARN_UNINITIALIZED_AUTOS = YES_AGGRESSIVE;
				GCC_WARN_UNUSED_FUNCTION = YES;
				GCC_WARN_UNUSED_VARIABLE = YES;
				IPHONEOS_DEPLOYMENT_TARGET = 13.2;
				MTL_ENABLE_DEBUG_INFO = INCLUDE_SOURCE;
				MTL_FAST_MATH = YES;
				ONLY_ACTIVE_ARCH = YES;
				SDKROOT = iphoneos;
				SWIFT_ACTIVE_COMPILATION_CONDITIONS = DEBUG;
				SWIFT_OPTIMIZATION_LEVEL = "-Onone";
			};
			name = Debug;
		};
		F016011C240E267500293211 /* Release */ = {
			isa = XCBuildConfiguration;
			buildSettings = {
				ALWAYS_SEARCH_USER_PATHS = NO;
				CLANG_ANALYZER_NONNULL = YES;
				CLANG_ANALYZER_NUMBER_OBJECT_CONVERSION = YES_AGGRESSIVE;
				CLANG_CXX_LANGUAGE_STANDARD = "gnu++14";
				CLANG_CXX_LIBRARY = "libc++";
				CLANG_ENABLE_MODULES = YES;
				CLANG_ENABLE_OBJC_ARC = YES;
				CLANG_ENABLE_OBJC_WEAK = YES;
				CLANG_WARN_BLOCK_CAPTURE_AUTORELEASING = YES;
				CLANG_WARN_BOOL_CONVERSION = YES;
				CLANG_WARN_COMMA = YES;
				CLANG_WARN_CONSTANT_CONVERSION = YES;
				CLANG_WARN_DEPRECATED_OBJC_IMPLEMENTATIONS = YES;
				CLANG_WARN_DIRECT_OBJC_ISA_USAGE = YES_ERROR;
				CLANG_WARN_DOCUMENTATION_COMMENTS = YES;
				CLANG_WARN_EMPTY_BODY = YES;
				CLANG_WARN_ENUM_CONVERSION = YES;
				CLANG_WARN_INFINITE_RECURSION = YES;
				CLANG_WARN_INT_CONVERSION = YES;
				CLANG_WARN_NON_LITERAL_NULL_CONVERSION = YES;
				CLANG_WARN_OBJC_IMPLICIT_RETAIN_SELF = YES;
				CLANG_WARN_OBJC_LITERAL_CONVERSION = YES;
				CLANG_WARN_OBJC_ROOT_CLASS = YES_ERROR;
				CLANG_WARN_RANGE_LOOP_ANALYSIS = YES;
				CLANG_WARN_STRICT_PROTOTYPES = YES;
				CLANG_WARN_SUSPICIOUS_MOVE = YES;
				CLANG_WARN_UNGUARDED_AVAILABILITY = YES_AGGRESSIVE;
				CLANG_WARN_UNREACHABLE_CODE = YES;
				CLANG_WARN__DUPLICATE_METHOD_MATCH = YES;
				COPY_PHASE_STRIP = NO;
				DEBUG_INFORMATION_FORMAT = "dwarf-with-dsym";
				ENABLE_NS_ASSERTIONS = NO;
				ENABLE_STRICT_OBJC_MSGSEND = YES;
				GCC_C_LANGUAGE_STANDARD = gnu11;
				GCC_NO_COMMON_BLOCKS = YES;
				GCC_WARN_64_TO_32_BIT_CONVERSION = YES;
				GCC_WARN_ABOUT_RETURN_TYPE = YES_ERROR;
				GCC_WARN_UNDECLARED_SELECTOR = YES;
				GCC_WARN_UNINITIALIZED_AUTOS = YES_AGGRESSIVE;
				GCC_WARN_UNUSED_FUNCTION = YES;
				GCC_WARN_UNUSED_VARIABLE = YES;
				IPHONEOS_DEPLOYMENT_TARGET = 13.2;
				MTL_ENABLE_DEBUG_INFO = NO;
				MTL_FAST_MATH = YES;
				SDKROOT = iphoneos;
				SWIFT_COMPILATION_MODE = wholemodule;
				SWIFT_OPTIMIZATION_LEVEL = "-O";
				VALIDATE_PRODUCT = YES;
			};
			name = Release;
		};
		F016011E240E267500293211 /* Debug */ = {
			isa = XCBuildConfiguration;
			buildSettings = {
				ASSETCATALOG_COMPILER_APPICON_NAME = AppIcon;
				CODE_SIGN_STYLE = Automatic;
				DEVELOPMENT_ASSET_PATHS = "\"FlowDemo/Preview Content\"";
				DEVELOPMENT_TEAM = EA9U9T68FD;
				ENABLE_PREVIEWS = YES;
				INFOPLIST_FILE = FlowDemo/Info.plist;
				LD_RUNPATH_SEARCH_PATHS = (
					"$(inherited)",
					"@executable_path/Frameworks",
				);
				PRODUCT_BUNDLE_IDENTIFIER = com.mutantsoup.FlowDemo;
				PRODUCT_NAME = "$(TARGET_NAME)";
				SWIFT_VERSION = 5.0;
				TARGETED_DEVICE_FAMILY = "1,2";
			};
			name = Debug;
		};
		F016011F240E267500293211 /* Release */ = {
			isa = XCBuildConfiguration;
			buildSettings = {
				ASSETCATALOG_COMPILER_APPICON_NAME = AppIcon;
				CODE_SIGN_STYLE = Automatic;
				DEVELOPMENT_ASSET_PATHS = "\"FlowDemo/Preview Content\"";
				DEVELOPMENT_TEAM = EA9U9T68FD;
				ENABLE_PREVIEWS = YES;
				INFOPLIST_FILE = FlowDemo/Info.plist;
				LD_RUNPATH_SEARCH_PATHS = (
					"$(inherited)",
					"@executable_path/Frameworks",
				);
				PRODUCT_BUNDLE_IDENTIFIER = com.mutantsoup.FlowDemo;
				PRODUCT_NAME = "$(TARGET_NAME)";
				SWIFT_VERSION = 5.0;
				TARGETED_DEVICE_FAMILY = "1,2";
			};
			name = Release;
		};
		F0160130240E8F8C00293211 /* Debug */ = {
			isa = XCBuildConfiguration;
			buildSettings = {
				BUNDLE_LOADER = "$(TEST_HOST)";
				CODE_SIGN_STYLE = Automatic;
				DEVELOPMENT_TEAM = EA9U9T68FD;
				INFOPLIST_FILE = FlowDemoTests/Info.plist;
				LD_RUNPATH_SEARCH_PATHS = (
					"$(inherited)",
					"@executable_path/Frameworks",
					"@loader_path/Frameworks",
				);
				PRODUCT_BUNDLE_IDENTIFIER = com.mutantsoup.FlowDemoTests;
				PRODUCT_NAME = "$(TARGET_NAME)";
				SWIFT_VERSION = 5.0;
				TARGETED_DEVICE_FAMILY = "1,2";
				TEST_HOST = "$(BUILT_PRODUCTS_DIR)/FlowDemo.app/FlowDemo";
			};
			name = Debug;
		};
		F0160131240E8F8C00293211 /* Release */ = {
			isa = XCBuildConfiguration;
			buildSettings = {
				BUNDLE_LOADER = "$(TEST_HOST)";
				CODE_SIGN_STYLE = Automatic;
				DEVELOPMENT_TEAM = EA9U9T68FD;
				INFOPLIST_FILE = FlowDemoTests/Info.plist;
				LD_RUNPATH_SEARCH_PATHS = (
					"$(inherited)",
					"@executable_path/Frameworks",
					"@loader_path/Frameworks",
				);
				PRODUCT_BUNDLE_IDENTIFIER = com.mutantsoup.FlowDemoTests;
				PRODUCT_NAME = "$(TARGET_NAME)";
				SWIFT_VERSION = 5.0;
				TARGETED_DEVICE_FAMILY = "1,2";
				TEST_HOST = "$(BUILT_PRODUCTS_DIR)/FlowDemo.app/FlowDemo";
			};
			name = Release;
		};
/* End XCBuildConfiguration section */

/* Begin XCConfigurationList section */
		F0160104240E267000293211 /* Build configuration list for PBXProject "FlowDemo" */ = {
			isa = XCConfigurationList;
			buildConfigurations = (
				F016011B240E267500293211 /* Debug */,
				F016011C240E267500293211 /* Release */,
			);
			defaultConfigurationIsVisible = 0;
			defaultConfigurationName = Release;
		};
		F016011D240E267500293211 /* Build configuration list for PBXNativeTarget "FlowDemo" */ = {
			isa = XCConfigurationList;
			buildConfigurations = (
				F016011E240E267500293211 /* Debug */,
				F016011F240E267500293211 /* Release */,
			);
			defaultConfigurationIsVisible = 0;
			defaultConfigurationName = Release;
		};
		F0160132240E8F8C00293211 /* Build configuration list for PBXNativeTarget "FlowDemoTests" */ = {
			isa = XCConfigurationList;
			buildConfigurations = (
				F0160130240E8F8C00293211 /* Debug */,
				F0160131240E8F8C00293211 /* Release */,
			);
			defaultConfigurationIsVisible = 0;
			defaultConfigurationName = Release;
		};
/* End XCConfigurationList section */
	};
	rootObject = F0160101240E267000293211 /* Project object */;
}
